{
    "_readme": [
        "This file locks the dependencies of your project to a known state",
        "Read more about it at https://getcomposer.org/doc/01-basic-usage.md#installing-dependencies",
        "This file is @generated automatically"
    ],
    "content-hash": "1f860c9c26c4509ca0b342a2fc087d1e",
    "packages": [
        {
            "name": "khqr-gateway/bakong-khqr-php",
            "version": "v1.0.0",
            "source": {
                "type": "git",
                "url": "https://github.com/davysrp/khqr-gateway.git",
                "reference": "1df08d33ebb85b3b6b284205c422c3d6d8433973"
            },
            "dist": {
                "type": "zip",
                "url": "https://api.github.com/repos/davysrp/khqr-gateway/zipball/1df08d33ebb85b3b6b284205c422c3d6d8433973",
                "reference": "1df08d33ebb85b3b6b284205c422c3d6d8433973",
                "shasum": ""
            },
            "require": {
                "php": ">=7.4"
            },
            "type": "library",
            "autoload": {
                "psr-4": {
                    "KHQR\\": "src/"
                }
            },
            "notification-url": "https://packagist.org/downloads/",
            "license": [
                "MIT"
            ],
            "authors": [
                {
                    "name": "Force Fidele KIEN",
                    "email": "forcefidele@gmail.com",
                    "homepage": "https://fidele007.github.io",
                    "role": "Developer"
                }
            ],
            "description": "A pure PHP implementation of the Bakong KHQR SDK",
            "keywords": [
                "bakong",
                "khqr"
            ],
            "support": {
                "issues": "https://github.com/fidele007/bakong-khqr-php/issues",
                "source": "https://github.com/davysrp/khqr-gateway/tree/v1.0.0"
            },
            "funding": [
                {
                    "url": "https://www.github.com/sponsors/fidele007",
                    "type": "github"
                }
            ],
            "time": "2025-05-08T09:06:57+00:00"
        }
    ],
    "packages-dev": [],
    "aliases": [],
    "minimum-stability": "stable",
    "stability-flags": {},
    "prefer-stable": false,
    "prefer-lowest": false,
    "platform": {},
    "platform-dev": {},
    "plugin-api-version": "2.9.0"
}
